
Microsoft Visual Studio Solution File, Format Version 12.00
# Visual Studio Version 16
VisualStudioVersion = 16.0.30523.141
MinimumVisualStudioVersion = 10.0.40219.1
Project("{8BC9CEB8-8B4A-11D0-8D11-00A0C91BC942}") = "MRI", "MRI\MRI.vcxproj", "{46CDAF69-CCB1-461C-A82C-0C2F1D60C7E0}"
EndProject
Project("{8BC9CEB8-8B4A-11D0-8D11-00A0C91BC942}") = "UltraSound", "UltraSound\UltraSound.vcxproj", "{5F5E99CC-1F21-46E1-B665-C1DFC8FC10B3}"
EndProject
Project("{8BC9CEB8-8B4A-11D0-8D11-00A0C91BC942}") = "ECG", "ECG\ECG.vcxproj", "{92F56D34-96EA-475F-A076-C9FBD3A32790}"
EndProject
Project("{8BC9CEB8-8B4A-11D0-8D11-00A0C91BC942}") = "MRITest", "MRITest\MRITest.vcxproj", "{D7E56706-8A43-4363-9757-F073F67C4301}"
EndProject
Project("{8BC9CEB8-8B4A-11D0-8D11-00A0C91BC942}") = "UltraSoundTest", "UltraSoundTest\UltraSoundTest.vcxproj", "{A7869E7A-2245-4FBB-A4CF-C0DF75A39E84}"
EndProject
Project("{8BC9CEB8-8B4A-11D0-8D11-00A0C91BC942}") = "ECGTest", "ECGTest\ECGTest.vcxproj", "{6D9E8ED6-4849-4EF0-99BF-7CD97AA846B1}"
EndProject
Global
	GlobalSection(SolutionConfigurationPlatforms) = preSolution
		Debug|x64 = Debug|x64
		Debug|x86 = Debug|x86
		Release|x64 = Release|x64
		Release|x86 = Release|x86
	EndGlobalSection
	GlobalSection(ProjectConfigurationPlatforms) = postSolution
		{46CDAF69-CCB1-461C-A82C-0C2F1D60C7E0}.Debug|x64.ActiveCfg = Debug|x64
		{46CDAF69-CCB1-461C-A82C-0C2F1D60C7E0}.Debug|x64.Build.0 = Debug|x64
		{46CDAF69-CCB1-461C-A82C-0C2F1D60C7E0}.Debug|x86.ActiveCfg = Debug|Win32
		{46CDAF69-CCB1-461C-A82C-0C2F1D60C7E0}.Debug|x86.Build.0 = Debug|Win32
		{46CDAF69-CCB1-461C-A82C-0C2F1D60C7E0}.Release|x64.ActiveCfg = Release|x64
		{46CDAF69-CCB1-461C-A82C-0C2F1D60C7E0}.Release|x64.Build.0 = Release|x64
		{46CDAF69-CCB1-461C-A82C-0C2F1D60C7E0}.Release|x86.ActiveCfg = Release|Win32
		{46CDAF69-CCB1-461C-A82C-0C2F1D60C7E0}.Release|x86.Build.0 = Release|Win32
		{5F5E99CC-1F21-46E1-B665-C1DFC8FC10B3}.Debug|x64.ActiveCfg = Debug|x64
		{5F5E99CC-1F21-46E1-B665-C1DFC8FC10B3}.Debug|x64.Build.0 = Debug|x64
		{5F5E99CC-1F21-46E1-B665-C1DFC8FC10B3}.Debug|x86.ActiveCfg = Debug|Win32
		{5F5E99CC-1F21-46E1-B665-C1DFC8FC10B3}.Debug|x86.Build.0 = Debug|Win32
		{5F5E99CC-1F21-46E1-B665-C1DFC8FC10B3}.Release|x64.ActiveCfg = Release|x64
		{5F5E99CC-1F21-46E1-B665-C1DFC8FC10B3}.Release|x64.Build.0 = Release|x64
		{5F5E99CC-1F21-46E1-B665-C1DFC8FC10B3}.Release|x86.ActiveCfg = Release|Win32
		{5F5E99CC-1F21-46E1-B665-C1DFC8FC10B3}.Release|x86.Build.0 = Release|Win32
		{92F56D34-96EA-475F-A076-C9FBD3A32790}.Debug|x64.ActiveCfg = Debug|x64
		{92F56D34-96EA-475F-A076-C9FBD3A32790}.Debug|x64.Build.0 = Debug|x64
		{92F56D34-96EA-475F-A076-C9FBD3A32790}.Debug|x86.ActiveCfg = Debug|Win32
		{92F56D34-96EA-475F-A076-C9FBD3A32790}.Debug|x86.Build.0 = Debug|Win32
		{92F56D34-96EA-475F-A076-C9FBD3A32790}.Release|x64.ActiveCfg = Release|x64
		{92F56D34-96EA-475F-A076-C9FBD3A32790}.Release|x64.Build.0 = Release|x64
		{92F56D34-96EA-475F-A076-C9FBD3A32790}.Release|x86.ActiveCfg = Release|Win32
		{92F56D34-96EA-475F-A076-C9FBD3A32790}.Release|x86.Build.0 = Release|Win32
		{D7E56706-8A43-4363-9757-F073F67C4301}.Debug|x64.ActiveCfg = Debug|x64
		{D7E56706-8A43-4363-9757-F073F67C4301}.Debug|x64.Build.0 = Debug|x64
		{D7E56706-8A43-4363-9757-F073F67C4301}.Debug|x86.ActiveCfg = Debug|Win32
		{D7E56706-8A43-4363-9757-F073F67C4301}.Debug|x86.Build.0 = Debug|Win32
		{D7E56706-8A43-4363-9757-F073F67C4301}.Release|x64.ActiveCfg = Release|x64
		{D7E56706-8A43-4363-9757-F073F67C4301}.Release|x64.Build.0 = Release|x64
		{D7E56706-8A43-4363-9757-F073F67C4301}.Release|x86.ActiveCfg = Release|Win32
		{D7E56706-8A43-4363-9757-F073F67C4301}.Release|x86.Build.0 = Release|Win32
		{A7869E7A-2245-4FBB-A4CF-C0DF75A39E84}.Debug|x64.ActiveCfg = Debug|x64
		{A7869E7A-2245-4FBB-A4CF-C0DF75A39E84}.Debug|x64.Build.0 = Debug|x64
		{A7869E7A-2245-4FBB-A4CF-C0DF75A39E84}.Debug|x86.ActiveCfg = Debug|Win32
		{A7869E7A-2245-4FBB-A4CF-C0DF75A39E84}.Debug|x86.Build.0 = Debug|Win32
		{A7869E7A-2245-4FBB-A4CF-C0DF75A39E84}.Release|x64.ActiveCfg = Release|x64
		{A7869E7A-2245-4FBB-A4CF-C0DF75A39E84}.Release|x64.Build.0 = Release|x64
		{A7869E7A-2245-4FBB-A4CF-C0DF75A39E84}.Release|x86.ActiveCfg = Release|Win32
		{A7869E7A-2245-4FBB-A4CF-C0DF75A39E84}.Release|x86.Build.0 = Release|Win32
		{6D9E8ED6-4849-4EF0-99BF-7CD97AA846B1}.Debug|x64.ActiveCfg = Debug|x64
		{6D9E8ED6-4849-4EF0-99BF-7CD97AA846B1}.Debug|x64.Build.0 = Debug|x64
		{6D9E8ED6-4849-4EF0-99BF-7CD97AA846B1}.Debug|x86.ActiveCfg = Debug|Win32
		{6D9E8ED6-4849-4EF0-99BF-7CD97AA846B1}.Debug|x86.Build.0 = Debug|Win32
		{6D9E8ED6-4849-4EF0-99BF-7CD97AA846B1}.Release|x64.ActiveCfg = Release|x64
		{6D9E8ED6-4849-4EF0-99BF-7CD97AA846B1}.Release|x64.Build.0 = Release|x64
		{6D9E8ED6-4849-4EF0-99BF-7CD97AA846B1}.Release|x86.ActiveCfg = Release|Win32
		{6D9E8ED6-4849-4EF0-99BF-7CD97AA846B1}.Release|x86.Build.0 = Release|Win32
	EndGlobalSection
	GlobalSection(SolutionProperties) = preSolution
		HideSolutionNode = FALSE
	EndGlobalSection
	GlobalSection(ExtensibilityGlobals) = postSolution
		SolutionGuid = {9744865B-9053-4A88-B0B4-738E16B275A1}
	EndGlobalSection
EndGlobal
